
Microsoft Visual Studio Solution File, Format Version 12.00
# Visual Studio 15
VisualStudioVersion = 15.0.27130.2036
MinimumVisualStudioVersion = 10.0.40219.1
Project("{FAE04EC0-301F-11D3-BF4B-00C04F79EFBC}") = "DataMonitor", "DataMonitor\DataMonitor.csproj", "{E45228D0-4B3E-4AF1-99EA-F316D5E8595D}"
EndProject
Project("{FAE04EC0-301F-11D3-BF4B-00C04F79EFBC}") = "ProcessProtector", "ProcessProtector\ProcessProtector.csproj", "{4FF9F914-8C89-48F4-908E-83822C24B162}"
EndProject
Project("{FAE04EC0-301F-11D3-BF4B-00C04F79EFBC}") = "ProcessDumper", "ProcessDumper\ProcessDumper.csproj", "{2891C0B9-2CB0-451A-BF44-22282978479B}"
EndProject
Project("{FAE04EC0-301F-11D3-BF4B-00C04F79EFBC}") = "FileEncryption", "FileEncryption\FileEncryption.csproj", "{C6B87CBE-9AC2-4CCE-8F2F-5EB09101EE10}"
EndProject
Project("{FAE04EC0-301F-11D3-BF4B-00C04F79EFBC}") = "WhitelistUpdater", "WhitelistUpdater\WhitelistUpdater.csproj", "{04C1BFAF-8F3F-49FB-8401-B4A9CFA0C259}"
EndProject
Project("{FAE04EC0-301F-11D3-BF4B-00C04F79EFBC}") = "FileDecryption", "FileDecryption\FileDecryption.csproj", "{8B8019B0-0ECF-45AD-8F9A-5C59A37C4B9F}"
EndProject
Project("{FAE04EC0-301F-11D3-BF4B-00C04F79EFBC}") = "BlacklistUpdater", "BlacklistUpdater\BlacklistUpdater.csproj", "{140636AD-9430-49FE-92D0-9EF5E37CF99C}"
EndProject
Project("{FAE04EC0-301F-11D3-BF4B-00C04F79EFBC}") = "FileOpener", "FileOpener\FileOpener.csproj", "{F358B13B-2A14-443E-B173-967C4E3E73BD}"
EndProject
Project("{FAE04EC0-301F-11D3-BF4B-00C04F79EFBC}") = "DeviceUpdater", "DeviceUpdater\DeviceUpdater.csproj", "{3ED938A1-DB83-4BCB-9FB9-951C046B475B}"
EndProject
Project("{FAE04EC0-301F-11D3-BF4B-00C04F79EFBC}") = "DeviceDumper", "DeviceDumper\DeviceDumper.csproj", "{897CF425-77DD-49FE-9137-CCB4754CFDB0}"
EndProject
Project("{FAE04EC0-301F-11D3-BF4B-00C04F79EFBC}") = "ProxySettings", "ProxySettings\ProxySettings.csproj", "{1311ABAF-EB81-45F7-A55D-047934534A0C}"
EndProject
Project("{FAE04EC0-301F-11D3-BF4B-00C04F79EFBC}") = "HwidGenerator", "HwidGenerator\HwidGenerator.csproj", "{9A8DF703-2AA0-4E04-8DB7-EECE01BE733E}"
EndProject
Global
	GlobalSection(SolutionConfigurationPlatforms) = preSolution
		Debug|Any CPU = Debug|Any CPU
		Release|Any CPU = Release|Any CPU
	EndGlobalSection
	GlobalSection(ProjectConfigurationPlatforms) = postSolution
		{E45228D0-4B3E-4AF1-99EA-F316D5E8595D}.Debug|Any CPU.ActiveCfg = Debug|Any CPU
		{E45228D0-4B3E-4AF1-99EA-F316D5E8595D}.Debug|Any CPU.Build.0 = Debug|Any CPU
		{E45228D0-4B3E-4AF1-99EA-F316D5E8595D}.Release|Any CPU.ActiveCfg = Release|Any CPU
		{E45228D0-4B3E-4AF1-99EA-F316D5E8595D}.Release|Any CPU.Build.0 = Release|Any CPU
		{4FF9F914-8C89-48F4-908E-83822C24B162}.Debug|Any CPU.ActiveCfg = Debug|Any CPU
		{4FF9F914-8C89-48F4-908E-83822C24B162}.Debug|Any CPU.Build.0 = Debug|Any CPU
		{4FF9F914-8C89-48F4-908E-83822C24B162}.Release|Any CPU.ActiveCfg = Release|Any CPU
		{4FF9F914-8C89-48F4-908E-83822C24B162}.Release|Any CPU.Build.0 = Release|Any CPU
		{2891C0B9-2CB0-451A-BF44-22282978479B}.Debug|Any CPU.ActiveCfg = Debug|Any CPU
		{2891C0B9-2CB0-451A-BF44-22282978479B}.Debug|Any CPU.Build.0 = Debug|Any CPU
		{2891C0B9-2CB0-451A-BF44-22282978479B}.Release|Any CPU.ActiveCfg = Release|Any CPU
		{2891C0B9-2CB0-451A-BF44-22282978479B}.Release|Any CPU.Build.0 = Release|Any CPU
		{C6B87CBE-9AC2-4CCE-8F2F-5EB09101EE10}.Debug|Any CPU.ActiveCfg = Debug|Any CPU
		{C6B87CBE-9AC2-4CCE-8F2F-5EB09101EE10}.Debug|Any CPU.Build.0 = Debug|Any CPU
		{C6B87CBE-9AC2-4CCE-8F2F-5EB09101EE10}.Release|Any CPU.ActiveCfg = Release|Any CPU
		{C6B87CBE-9AC2-4CCE-8F2F-5EB09101EE10}.Release|Any CPU.Build.0 = Release|Any CPU
		{04C1BFAF-8F3F-49FB-8401-B4A9CFA0C259}.Debug|Any CPU.ActiveCfg = Debug|Any CPU
		{04C1BFAF-8F3F-49FB-8401-B4A9CFA0C259}.Debug|Any CPU.Build.0 = Debug|Any CPU
		{04C1BFAF-8F3F-49FB-8401-B4A9CFA0C259}.Release|Any CPU.ActiveCfg = Release|Any CPU
		{04C1BFAF-8F3F-49FB-8401-B4A9CFA0C259}.Release|Any CPU.Build.0 = Release|Any CPU
		{8B8019B0-0ECF-45AD-8F9A-5C59A37C4B9F}.Debug|Any CPU.ActiveCfg = Debug|Any CPU
		{8B8019B0-0ECF-45AD-8F9A-5C59A37C4B9F}.Debug|Any CPU.Build.0 = Debug|Any CPU
		{8B8019B0-0ECF-45AD-8F9A-5C59A37C4B9F}.Release|Any CPU.ActiveCfg = Release|Any CPU
		{8B8019B0-0ECF-45AD-8F9A-5C59A37C4B9F}.Release|Any CPU.Build.0 = Release|Any CPU
		{140636AD-9430-49FE-92D0-9EF5E37CF99C}.Debug|Any CPU.ActiveCfg = Debug|Any CPU
		{140636AD-9430-49FE-92D0-9EF5E37CF99C}.Debug|Any CPU.Build.0 = Debug|Any CPU
		{140636AD-9430-49FE-92D0-9EF5E37CF99C}.Release|Any CPU.ActiveCfg = Release|Any CPU
		{140636AD-9430-49FE-92D0-9EF5E37CF99C}.Release|Any CPU.Build.0 = Release|Any CPU
		{F358B13B-2A14-443E-B173-967C4E3E73BD}.Debug|Any CPU.ActiveCfg = Debug|Any CPU
		{F358B13B-2A14-443E-B173-967C4E3E73BD}.Debug|Any CPU.Build.0 = Debug|Any CPU
		{F358B13B-2A14-443E-B173-967C4E3E73BD}.Release|Any CPU.ActiveCfg = Release|Any CPU
		{F358B13B-2A14-443E-B173-967C4E3E73BD}.Release|Any CPU.Build.0 = Release|Any CPU
		{3ED938A1-DB83-4BCB-9FB9-951C046B475B}.Debug|Any CPU.ActiveCfg = Debug|Any CPU
		{3ED938A1-DB83-4BCB-9FB9-951C046B475B}.Debug|Any CPU.Build.0 = Debug|Any CPU
		{3ED938A1-DB83-4BCB-9FB9-951C046B475B}.Release|Any CPU.ActiveCfg = Release|Any CPU
		{3ED938A1-DB83-4BCB-9FB9-951C046B475B}.Release|Any CPU.Build.0 = Release|Any CPU
		{897CF425-77DD-49FE-9137-CCB4754CFDB0}.Debug|Any CPU.ActiveCfg = Debug|Any CPU
		{897CF425-77DD-49FE-9137-CCB4754CFDB0}.Debug|Any CPU.Build.0 = Debug|Any CPU
		{897CF425-77DD-49FE-9137-CCB4754CFDB0}.Release|Any CPU.ActiveCfg = Release|Any CPU
		{897CF425-77DD-49FE-9137-CCB4754CFDB0}.Release|Any CPU.Build.0 = Release|Any CPU
		{1311ABAF-EB81-45F7-A55D-047934534A0C}.Debug|Any CPU.ActiveCfg = Debug|Any CPU
		{1311ABAF-EB81-45F7-A55D-047934534A0C}.Debug|Any CPU.Build.0 = Debug|Any CPU
		{1311ABAF-EB81-45F7-A55D-047934534A0C}.Release|Any CPU.ActiveCfg = Release|Any CPU
		{1311ABAF-EB81-45F7-A55D-047934534A0C}.Release|Any CPU.Build.0 = Release|Any CPU
		{9A8DF703-2AA0-4E04-8DB7-EECE01BE733E}.Debug|Any CPU.ActiveCfg = Debug|Any CPU
		{9A8DF703-2AA0-4E04-8DB7-EECE01BE733E}.Debug|Any CPU.Build.0 = Debug|Any CPU
		{9A8DF703-2AA0-4E04-8DB7-EECE01BE733E}.Release|Any CPU.ActiveCfg = Release|Any CPU
		{9A8DF703-2AA0-4E04-8DB7-EECE01BE733E}.Release|Any CPU.Build.0 = Release|Any CPU
	EndGlobalSection
	GlobalSection(SolutionProperties) = preSolution
		HideSolutionNode = FALSE
	EndGlobalSection
	GlobalSection(ExtensibilityGlobals) = postSolution
		SolutionGuid = {F942B065-1B5D-4420-9E1B-BA9344850412}
	EndGlobalSection
EndGlobal
